// !$*UTF8*$!
{
	archiveVersion = 1;
	classes = {
	};
	objectVersion = 51;
	objects = {

/* Begin PBXBuildFile section */
		D0495DBAD02D8E721212D8A9 /* Pods_transition_practice.framework in Frameworks */ = {isa = PBXBuildFile; fileRef = E0DDDD5434FE64CCE96C9365 /* Pods_transition_practice.framework */; };
		D47AA37D230EB6C300888627 /* DetailViewController.swift in Sources */ = {isa = PBXBuildFile; fileRef = D47AA37C230EB6C300888627 /* DetailViewController.swift */; };
		D47AA37F230EB6DA00888627 /* MatchedTransitionAnimator.swift in Sources */ = {isa = PBXBuildFile; fileRef = D47AA37E230EB6DA00888627 /* MatchedTransitionAnimator.swift */; };
		D47AA381230EB6FE00888627 /* InteractiveTransition.swift in Sources */ = {isa = PBXBuildFile; fileRef = D47AA380230EB6FE00888627 /* InteractiveTransition.swift */; };
		D47AA383230ECCF400888627 /* ModalTransitioningDelegate.swift in Sources */ = {isa = PBXBuildFile; fileRef = D47AA382230ECCF400888627 /* ModalTransitioningDelegate.swift */; };
		D4EBBF312249FC6E00FB47A3 /* AppDelegate.swift in Sources */ = {isa = PBXBuildFile; fileRef = D4EBBF302249FC6E00FB47A3 /* AppDelegate.swift */; };
		D4EBBF332249FC6E00FB47A3 /* ViewController.swift in Sources */ = {isa = PBXBuildFile; fileRef = D4EBBF322249FC6E00FB47A3 /* ViewController.swift */; };
		D4EBBF382249FC7000FB47A3 /* Assets.xcassets in Resources */ = {isa = PBXBuildFile; fileRef = D4EBBF372249FC7000FB47A3 /* Assets.xcassets */; };
		D4EBBF3B2249FC7000FB47A3 /* LaunchScreen.storyboard in Resources */ = {isa = PBXBuildFile; fileRef = D4EBBF392249FC7000FB47A3 /* LaunchScreen.storyboard */; };
/* End PBXBuildFile section */

/* Begin PBXFileReference section */
		25CC14F68281C8D364B40CFF /* Pods-transition-practice.release.xcconfig */ = {isa = PBXFileReference; includeInIndex = 1; lastKnownFileType = text.xcconfig; name = "Pods-transition-practice.release.xcconfig"; path = "Target Support Files/Pods-transition-practice/Pods-transition-practice.release.xcconfig"; sourceTree = "<group>"; };
		353D9C62C5ACF8D11C312C7F /* Pods-transition-practice.debug.xcconfig */ = {isa = PBXFileReference; includeInIndex = 1; lastKnownFileType = text.xcconfig; name = "Pods-transition-practice.debug.xcconfig"; path = "Target Support Files/Pods-transition-practice/Pods-transition-practice.debug.xcconfig"; sourceTree = "<group>"; };
		D47AA37C230EB6C300888627 /* DetailViewController.swift */ = {isa = PBXFileReference; lastKnownFileType = sourcecode.swift; path = DetailViewController.swift; sourceTree = "<group>"; };
		D47AA37E230EB6DA00888627 /* MatchedTransitionAnimator.swift */ = {isa = PBXFileReference; lastKnownFileType = sourcecode.swift; path = MatchedTransitionAnimator.swift; sourceTree = "<group>"; };
		D47AA380230EB6FE00888627 /* InteractiveTransition.swift */ = {isa = PBXFileReference; lastKnownFileType = sourcecode.swift; path = InteractiveTransition.swift; sourceTree = "<group>"; };
		D47AA382230ECCF400888627 /* ModalTransitioningDelegate.swift */ = {isa = PBXFileReference; lastKnownFileType = sourcecode.swift; path = ModalTransitioningDelegate.swift; sourceTree = "<group>"; };
		D4EBBF2D2249FC6E00FB47A3 /* transition-practice.app */ = {isa = PBXFileReference; explicitFileType = wrapper.application; includeInIndex = 0; path = "transition-practice.app"; sourceTree = BUILT_PRODUCTS_DIR; };
		D4EBBF302249FC6E00FB47A3 /* AppDelegate.swift */ = {isa = PBXFileReference; lastKnownFileType = sourcecode.swift; path = AppDelegate.swift; sourceTree = "<group>"; };
		D4EBBF322249FC6E00FB47A3 /* ViewController.swift */ = {isa = PBXFileReference; lastKnownFileType = sourcecode.swift; path = ViewController.swift; sourceTree = "<group>"; };
		D4EBBF372249FC7000FB47A3 /* Assets.xcassets */ = {isa = PBXFileReference; lastKnownFileType = folder.assetcatalog; path = Assets.xcassets; sourceTree = "<group>"; };
		D4EBBF3A2249FC7000FB47A3 /* Base */ = {isa = PBXFileReference; lastKnownFileType = file.storyboard; name = Base; path = Base.lproj/LaunchScreen.storyboard; sourceTree = "<group>"; };
		D4EBBF3C2249FC7000FB47A3 /* Info.plist */ = {isa = PBXFileReference; lastKnownFileType = text.plist.xml; path = Info.plist; sourceTree = "<group>"; };
		E0DDDD5434FE64CCE96C9365 /* Pods_transition_practice.framework */ = {isa = PBXFileReference; explicitFileType = wrapper.framework; includeInIndex = 0; path = Pods_transition_practice.framework; sourceTree = BUILT_PRODUCTS_DIR; };
/* End PBXFileReference section */

/* Begin PBXFrameworksBuildPhase section */
		D4EBBF2A2249FC6E00FB47A3 /* Frameworks */ = {
			isa = PBXFrameworksBuildPhase;
			buildActionMask = 2147483647;
			files = (
				D0495DBAD02D8E721212D8A9 /* Pods_transition_practice.framework in Frameworks */,
			);
			runOnlyForDeploymentPostprocessing = 0;
		};
/* End PBXFrameworksBuildPhase section */

/* Begin PBXGroup section */
		58CFB291E361196BDE4F0B1F /* Frameworks */ = {
			isa = PBXGroup;
			children = (
				E0DDDD5434FE64CCE96C9365 /* Pods_transition_practice.framework */,
			);
			name = Frameworks;
			sourceTree = "<group>";
		};
		D4EBBF242249FC6E00FB47A3 = {
			isa = PBXGroup;
			children = (
				D4EBBF2F2249FC6E00FB47A3 /* transition-practice */,
				D4EBBF2E2249FC6E00FB47A3 /* Products */,
				E3DC6802AE489F6AAB5C64D7 /* Pods */,
				58CFB291E361196BDE4F0B1F /* Frameworks */,
			);
			sourceTree = "<group>";
		};
		D4EBBF2E2249FC6E00FB47A3 /* Products */ = {
			isa = PBXGroup;
			children = (
				D4EBBF2D2249FC6E00FB47A3 /* transition-practice.app */,
			);
			name = Products;
			sourceTree = "<group>";
		};
		D4EBBF2F2249FC6E00FB47A3 /* transition-practice */ = {
			isa = PBXGroup;
			children = (
				D4EBBF302249FC6E00FB47A3 /* AppDelegate.swift */,
				D47AA380230EB6FE00888627 /* InteractiveTransition.swift */,
				D47AA382230ECCF400888627 /* ModalTransitioningDelegate.swift */,
				D47AA37E230EB6DA00888627 /* MatchedTransitionAnimator.swift */,
				D4EBBF322249FC6E00FB47A3 /* ViewController.swift */,
				D47AA37C230EB6C300888627 /* DetailViewController.swift */,
				D4EBBF372249FC7000FB47A3 /* Assets.xcassets */,
				D4EBBF392249FC7000FB47A3 /* LaunchScreen.storyboard */,
				D4EBBF3C2249FC7000FB47A3 /* Info.plist */,
			);
			path = "transition-practice";
			sourceTree = "<group>";
		};
		E3DC6802AE489F6AAB5C64D7 /* Pods */ = {
			isa = PBXGroup;
			children = (
				353D9C62C5ACF8D11C312C7F /* Pods-transition-practice.debug.xcconfig */,
				25CC14F68281C8D364B40CFF /* Pods-transition-practice.release.xcconfig */,
			);
			path = Pods;
			sourceTree = "<group>";
		};
/* End PBXGroup section */

/* Begin PBXNativeTarget section */
		D4EBBF2C2249FC6E00FB47A3 /* transition-practice */ = {
			isa = PBXNativeTarget;
			buildConfigurationList = D4EBBF3F2249FC7000FB47A3 /* Build configuration list for PBXNativeTarget "transition-practice" */;
			buildPhases = (
				7BA157B457AF636FED84D42E /* [CP] Check Pods Manifest.lock */,
				D4EBBF292249FC6E00FB47A3 /* Sources */,
				D4EBBF2A2249FC6E00FB47A3 /* Frameworks */,
				D4EBBF2B2249FC6E00FB47A3 /* Resources */,
				C71B8BD9F3C94CCE0BF7C577 /* [CP] Embed Pods Frameworks */,
			);
			buildRules = (
			);
			dependencies = (
			);
			name = "transition-practice";
			productName = "transition-practice";
			productReference = D4EBBF2D2249FC6E00FB47A3 /* transition-practice.app */;
			productType = "com.apple.product-type.application";
		};
/* End PBXNativeTarget section */

/* Begin PBXProject section */
		D4EBBF252249FC6E00FB47A3 /* Project object */ = {
			isa = PBXProject;
			attributes = {
				LastSwiftUpdateCheck = 1010;
				LastUpgradeCheck = 1010;
				ORGANIZATIONNAME = "Jinsei Shima";
				TargetAttributes = {
					D4EBBF2C2249FC6E00FB47A3 = {
						CreatedOnToolsVersion = 10.1;
					};
				};
			};
			buildConfigurationList = D4EBBF282249FC6E00FB47A3 /* Build configuration list for PBXProject "transition-practice" */;
			compatibilityVersion = "Xcode 9.3";
			developmentRegion = en;
			hasScannedForEncodings = 0;
			knownRegions = (
				en,
				Base,
			);
			mainGroup = D4EBBF242249FC6E00FB47A3;
			productRefGroup = D4EBBF2E2249FC6E00FB47A3 /* Products */;
			projectDirPath = "";
			projectRoot = "";
			targets = (
				D4EBBF2C2249FC6E00FB47A3 /* transition-practice */,
			);
		};
/* End PBXProject section */

/* Begin PBXResourcesBuildPhase section */
		D4EBBF2B2249FC6E00FB47A3 /* Resources */ = {
			isa = PBXResourcesBuildPhase;
			buildActionMask = 2147483647;
			files = (
				D4EBBF3B2249FC7000FB47A3 /* LaunchScreen.storyboard in Resources */,
				D4EBBF382249FC7000FB47A3 /* Assets.xcassets in Resources */,
			);
			runOnlyForDeploymentPostprocessing = 0;
		};
/* End PBXResourcesBuildPhase section */

/* Begin PBXShellScriptBuildPhase section */
		7BA157B457AF636FED84D42E /* [CP] Check Pods Manifest.lock */ = {
			isa = PBXShellScriptBuildPhase;
			buildActionMask = 2147483647;
			files = (
			);
			inputFileListPaths = (
			);
			inputPaths = (
				"${PODS_PODFILE_DIR_PATH}/Podfile.lock",
				"${PODS_ROOT}/Manifest.lock",
			);
			name = "[CP] Check Pods Manifest.lock";
			outputFileListPaths = (
			);
			outputPaths = (
				"$(DERIVED_FILE_DIR)/Pods-transition-practice-checkManifestLockResult.txt",
			);
			runOnlyForDeploymentPostprocessing = 0;
			shellPath = /bin/sh;
			shellScript = "diff \"${PODS_PODFILE_DIR_PATH}/Podfile.lock\" \"${PODS_ROOT}/Manifest.lock\" > /dev/null\nif [ $? != 0 ] ; then\n    # print error to STDERR\n    echo \"error: The sandbox is not in sync with the Podfile.lock. Run 'pod install' or update your CocoaPods installation.\" >&2\n    exit 1\nfi\n# This output is used by Xcode 'outputs' to avoid re-running this script phase.\necho \"SUCCESS\" > \"${SCRIPT_OUTPUT_FILE_0}\"\n";
			showEnvVarsInLog = 0;
		};
		C71B8BD9F3C94CCE0BF7C577 /* [CP] Embed Pods Frameworks */ = {
			isa = PBXShellScriptBuildPhase;
			buildActionMask = 2147483647;
			files = (
			);
			inputFileListPaths = (
				"${PODS_ROOT}/Target Support Files/Pods-transition-practice/Pods-transition-practice-frameworks-${CONFIGURATION}-input-files.xcfilelist",
			);
			name = "[CP] Embed Pods Frameworks";
			outputFileListPaths = (
				"${PODS_ROOT}/Target Support Files/Pods-transition-practice/Pods-transition-practice-frameworks-${CONFIGURATION}-output-files.xcfilelist",
			);
			runOnlyForDeploymentPostprocessing = 0;
			shellPath = /bin/sh;
			shellScript = "\"${PODS_ROOT}/Target Support Files/Pods-transition-practice/Pods-transition-practice-frameworks.sh\"\n";
			showEnvVarsInLog = 0;
		};
/* End PBXShellScriptBuildPhase section */

/* Begin PBXSourcesBuildPhase section */
		D4EBBF292249FC6E00FB47A3 /* Sources */ = {
			isa = PBXSourcesBuildPhase;
			buildActionMask = 2147483647;
			files = (
				D47AA37D230EB6C300888627 /* DetailViewController.swift in Sources */,
				D47AA383230ECCF400888627 /* ModalTransitioningDelegate.swift in Sources */,
				D4EBBF332249FC6E00FB47A3 /* ViewController.swift in Sources */,
				D47AA381230EB6FE00888627 /* InteractiveTransition.swift in Sources */,
				D4EBBF312249FC6E00FB47A3 /* AppDelegate.swift in Sources */,
				D47AA37F230EB6DA00888627 /* MatchedTransitionAnimator.swift in Sources */,
			);
			runOnlyForDeploymentPostprocessing = 0;
		};
/* End PBXSourcesBuildPhase section */

/* Begin PBXVariantGroup section */
		D4EBBF392249FC7000FB47A3 /* LaunchScreen.storyboard */ = {
			isa = PBXVariantGroup;
			children = (
				D4EBBF3A2249FC7000FB47A3 /* Base */,
			);
			name = LaunchScreen.storyboard;
			sourceTree = "<group>";
		};
/* End PBXVariantGroup section */

/* Begin XCBuildConfiguration section */
		D4EBBF3D2249FC7000FB47A3 /* Debug */ = {
			isa = XCBuildConfiguration;
			buildSettings = {
				ALWAYS_SEARCH_USER_PATHS = NO;
				CLANG_ANALYZER_NONNULL = YES;
				CLANG_ANALYZER_NUMBER_OBJECT_CONVERSION = YES_AGGRESSIVE;
				CLANG_CXX_LANGUAGE_STANDARD = "gnu++14";
				CLANG_CXX_LIBRARY = "libc++";
				CLANG_ENABLE_MODULES = YES;
				CLANG_ENABLE_OBJC_ARC = YES;
				CLANG_ENABLE_OBJC_WEAK = YES;
				CLANG_WARN_BLOCK_CAPTURE_AUTORELEASING = YES;
				CLANG_WARN_BOOL_CONVERSION = YES;
				CLANG_WARN_COMMA = YES;
				CLANG_WARN_CONSTANT_CONVERSION = YES;
				CLANG_WARN_DEPRECATED_OBJC_IMPLEMENTATIONS = YES;
				CLANG_WARN_DIRECT_OBJC_ISA_USAGE = YES_ERROR;
				CLANG_WARN_DOCUMENTATION_COMMENTS = YES;
				CLANG_WARN_EMPTY_BODY = YES;
				CLANG_WARN_ENUM_CONVERSION = YES;
				CLANG_WARN_INFINITE_RECURSION = YES;
				CLANG_WARN_INT_CONVERSION = YES;
				CLANG_WARN_NON_LITERAL_NULL_CONVERSION = YES;
				CLANG_WARN_OBJC_IMPLICIT_RETAIN_SELF = YES;
				CLANG_WARN_OBJC_LITERAL_CONVERSION = YES;
				CLANG_WARN_OBJC_ROOT_CLASS = YES_ERROR;
				CLANG_WARN_RANGE_LOOP_ANALYSIS = YES;
				CLANG_WARN_STRICT_PROTOTYPES = YES;
				CLANG_WARN_SUSPICIOUS_MOVE = YES;
				CLANG_WARN_UNGUARDED_AVAILABILITY = YES_AGGRESSIVE;
				CLANG_WARN_UNREACHABLE_CODE = YES;
				CLANG_WARN__DUPLICATE_METHOD_MATCH = YES;
				CODE_SIGN_IDENTITY = "iPhone Developer";
				COPY_PHASE_STRIP = NO;
				DEBUG_INFORMATION_FORMAT = dwarf;
				ENABLE_STRICT_OBJC_MSGSEND = YES;
				ENABLE_TESTABILITY = YES;
				GCC_C_LANGUAGE_STANDARD = gnu11;
				GCC_DYNAMIC_NO_PIC = NO;
				GCC_NO_COMMON_BLOCKS = YES;
				GCC_OPTIMIZATION_LEVEL = 0;
				GCC_PREPROCESSOR_DEFINITIONS = (
					"DEBUG=1",
					"$(inherited)",
				);
				GCC_WARN_64_TO_32_BIT_CONVERSION = YES;
				GCC_WARN_ABOUT_RETURN_TYPE = YES_ERROR;
				GCC_WARN_UNDECLARED_SELECTOR = YES;
				GCC_WARN_UNINITIALIZED_AUTOS = YES_AGGRESSIVE;
				GCC_WARN_UNUSED_FUNCTION = YES;
				GCC_WARN_UNUSED_VARIABLE = YES;
				IPHONEOS_DEPLOYMENT_TARGET = 12.1;
				MTL_ENABLE_DEBUG_INFO = INCLUDE_SOURCE;
				MTL_FAST_MATH = YES;
				ONLY_ACTIVE_ARCH = YES;
				SDKROOT = iphoneos;
				SWIFT_ACTIVE_COMPILATION_CONDITIONS = DEBUG;
				SWIFT_OPTIMIZATION_LEVEL = "-Onone";
			};
			name = Debug;
		};
		D4EBBF3E2249FC7000FB47A3 /* Release */ = {
			isa = XCBuildConfiguration;
			buildSettings = {
				ALWAYS_SEARCH_USER_PATHS = NO;
				CLANG_ANALYZER_NONNULL = YES;
				CLANG_ANALYZER_NUMBER_OBJECT_CONVERSION = YES_AGGRESSIVE;
				CLANG_CXX_LANGUAGE_STANDARD = "gnu++14";
				CLANG_CXX_LIBRARY = "libc++";
				CLANG_ENABLE_MODULES = YES;
				CLANG_ENABLE_OBJC_ARC = YES;
				CLANG_ENABLE_OBJC_WEAK = YES;
				CLANG_WARN_BLOCK_CAPTURE_AUTORELEASING = YES;
				CLANG_WARN_BOOL_CONVERSION = YES;
				CLANG_WARN_COMMA = YES;
				CLANG_WARN_CONSTANT_CONVERSION = YES;
				CLANG_WARN_DEPRECATED_OBJC_IMPLEMENTATIONS = YES;
				CLANG_WARN_DIRECT_OBJC_ISA_USAGE = YES_ERROR;
				CLANG_WARN_DOCUMENTATION_COMMENTS = YES;
				CLANG_WARN_EMPTY_BODY = YES;
				CLANG_WARN_ENUM_CONVERSION = YES;
				CLANG_WARN_INFINITE_RECURSION = YES;
				CLANG_WARN_INT_CONVERSION = YES;
				CLANG_WARN_NON_LITERAL_NULL_CONVERSION = YES;
				CLANG_WARN_OBJC_IMPLICIT_RETAIN_SELF = YES;
				CLANG_WARN_OBJC_LITERAL_CONVERSION = YES;
				CLANG_WARN_OBJC_ROOT_CLASS = YES_ERROR;
				CLANG_WARN_RANGE_LOOP_ANALYSIS = YES;
				CLANG_WARN_STRICT_PROTOTYPES = YES;
				CLANG_WARN_SUSPICIOUS_MOVE = YES;
				CLANG_WARN_UNGUARDED_AVAILABILITY = YES_AGGRESSIVE;
				CLANG_WARN_UNREACHABLE_CODE = YES;
				CLANG_WARN__DUPLICATE_METHOD_MATCH = YES;
				CODE_SIGN_IDENTITY = "iPhone Developer";
				COPY_PHASE_STRIP = NO;
				DEBUG_INFORMATION_FORMAT = "dwarf-with-dsym";
				ENABLE_NS_ASSERTIONS = NO;
				ENABLE_STRICT_OBJC_MSGSEND = YES;
				GCC_C_LANGUAGE_STANDARD = gnu11;
				GCC_NO_COMMON_BLOCKS = YES;
				GCC_WARN_64_TO_32_BIT_CONVERSION = YES;
				GCC_WARN_ABOUT_RETURN_TYPE = YES_ERROR;
				GCC_WARN_UNDECLARED_SELECTOR = YES;
				GCC_WARN_UNINITIALIZED_AUTOS = YES_AGGRESSIVE;
				GCC_WARN_UNUSED_FUNCTION = YES;
				GCC_WARN_UNUSED_VARIABLE = YES;
				IPHONEOS_DEPLOYMENT_TARGET = 12.1;
				MTL_ENABLE_DEBUG_INFO = NO;
				MTL_FAST_MATH = YES;
				SDKROOT = iphoneos;
				SWIFT_COMPILATION_MODE = wholemodule;
				SWIFT_OPTIMIZATION_LEVEL = "-O";
				VALIDATE_PRODUCT = YES;
			};
			name = Release;
		};
		D4EBBF402249FC7000FB47A3 /* Debug */ = {
			isa = XCBuildConfiguration;
			baseConfigurationReference = 353D9C62C5ACF8D11C312C7F /* Pods-transition-practice.debug.xcconfig */;
			buildSettings = {
				ASSETCATALOG_COMPILER_APPICON_NAME = AppIcon;
				CODE_SIGN_STYLE = Automatic;
				INFOPLIST_FILE = "transition-practice/Info.plist";
				IPHONEOS_DEPLOYMENT_TARGET = 11.0;
				LD_RUNPATH_SEARCH_PATHS = (
					"$(inherited)",
					"@executable_path/Frameworks",
				);
				PRODUCT_BUNDLE_IDENTIFIER = "com.shima.app.transition-practice";
				PRODUCT_NAME = "$(TARGET_NAME)";
				SWIFT_VERSION = 4.2;
				TARGETED_DEVICE_FAMILY = "1,2";
			};
			name = Debug;
		};
		D4EBBF412249FC7000FB47A3 /* Release */ = {
			isa = XCBuildConfiguration;
			baseConfigurationReference = 25CC14F68281C8D364B40CFF /* Pods-transition-practice.release.xcconfig */;
			buildSettings = {
				ASSETCATALOG_COMPILER_APPICON_NAME = AppIcon;
				CODE_SIGN_STYLE = Automatic;
				INFOPLIST_FILE = "transition-practice/Info.plist";
				IPHONEOS_DEPLOYMENT_TARGET = 11.0;
				LD_RUNPATH_SEARCH_PATHS = (
					"$(inherited)",
					"@executable_path/Frameworks",
				);
				PRODUCT_BUNDLE_IDENTIFIER = "com.shima.app.transition-practice";
				PRODUCT_NAME = "$(TARGET_NAME)";
				SWIFT_VERSION = 4.2;
				TARGETED_DEVICE_FAMILY = "1,2";
			};
			name = Release;
		};
/* End XCBuildConfiguration section */

/* Begin XCConfigurationList section */
		D4EBBF282249FC6E00FB47A3 /* Build configuration list for PBXProject "transition-practice" */ = {
			isa = XCConfigurationList;
			buildConfigurations = (
				D4EBBF3D2249FC7000FB47A3 /* Debug */,
				D4EBBF3E2249FC7000FB47A3 /* Release */,
			);
			defaultConfigurationIsVisible = 0;
			defaultConfigurationName = Release;
		};
		D4EBBF3F2249FC7000FB47A3 /* Build configuration list for PBXNativeTarget "transition-practice" */ = {
			isa = XCConfigurationList;
			buildConfigurations = (
				D4EBBF402249FC7000FB47A3 /* Debug */,
				D4EBBF412249FC7000FB47A3 /* Release */,
			);
			defaultConfigurationIsVisible = 0;
			defaultConfigurationName = Release;
		};
/* End XCConfigurationList section */
	};
	rootObject = D4EBBF252249FC6E00FB47A3 /* Project object */;
}
